
Microsoft Visual Studio Solution File, Format Version 12.00
# Visual Studio 15
VisualStudioVersion = 15.0.28307.2092
MinimumVisualStudioVersion = 10.0.40219.1
Project("{FAE04EC0-301F-11D3-BF4B-00C04F79EFBC}") = "CRUD", "CRUD\CRUD.csproj", "{AB3CFA54-0C60-41B0-8414-3C0CAD927026}"
EndProject
Global
	GlobalSection(SolutionConfigurationPlatforms) = preSolution
		Debug|Any CPU = Debug|Any CPU
		Release|Any CPU = Release|Any CPU
	EndGlobalSection
	GlobalSection(ProjectConfigurationPlatforms) = postSolution
		{AB3CFA54-0C60-41B0-8414-3C0CAD927026}.Debug|Any CPU.ActiveCfg = Debug|Any CPU
		{AB3CFA54-0C60-41B0-8414-3C0CAD927026}.Debug|Any CPU.Build.0 = Debug|Any CPU
		{AB3CFA54-0C60-41B0-8414-3C0CAD927026}.Release|Any CPU.ActiveCfg = Release|Any CPU
		{AB3CFA54-0C60-41B0-8414-3C0CAD927026}.Release|Any CPU.Build.0 = Release|Any CPU
	EndGlobalSection
	GlobalSection(SolutionProperties) = preSolution
		HideSolutionNode = FALSE
	EndGlobalSection
	GlobalSection(ExtensibilityGlobals) = postSolution
		SolutionGuid = {3EDD2117-D091-4D5E-A34A-CF3367B56FAE}
	EndGlobalSection
EndGlobal
